
Microsoft Visual Studio Solution File, Format Version 12.00
# Visual Studio Version 17
VisualStudioVersion = 17.3.32811.315
MinimumVisualStudioVersion = 10.0.40219.1
Project("{8BC9CEB8-8B4A-11D0-8D11-00A0C91BC942}") = "semesterA_project", "semesterA_project.vcxproj", "{018DBE7E-D05D-4BF5-BE2A-9BA85B22CED2}"
EndProject
Global
	GlobalSection(SolutionConfigurationPlatforms) = preSolution
		Debug|x64 = Debug|x64
		Debug|x86 = Debug|x86
		Release|x64 = Release|x64
		Release|x86 = Release|x86
	EndGlobalSection
	GlobalSection(ProjectConfigurationPlatforms) = postSolution
		{018DBE7E-D05D-4BF5-BE2A-9BA85B22CED2}.Debug|x64.ActiveCfg = Debug|x64
		{018DBE7E-D05D-4BF5-BE2A-9BA85B22CED2}.Debug|x64.Build.0 = Debug|x64
		{018DBE7E-D05D-4BF5-BE2A-9BA85B22CED2}.Debug|x86.ActiveCfg = Debug|Win32
		{018DBE7E-D05D-4BF5-BE2A-9BA85B22CED2}.Debug|x86.Build.0 = Debug|Win32
		{018DBE7E-D05D-4BF5-BE2A-9BA85B22CED2}.Release|x64.ActiveCfg = Release|x64
		{018DBE7E-D05D-4BF5-BE2A-9BA85B22CED2}.Release|x64.Build.0 = Release|x64
		{018DBE7E-D05D-4BF5-BE2A-9BA85B22CED2}.Release|x86.ActiveCfg = Release|Win32
		{018DBE7E-D05D-4BF5-BE2A-9BA85B22CED2}.Release|x86.Build.0 = Release|Win32
	EndGlobalSection
	GlobalSection(SolutionProperties) = preSolution
		HideSolutionNode = FALSE
	EndGlobalSection
	GlobalSection(ExtensibilityGlobals) = postSolution
		SolutionGuid = {ED94EC49-8D55-41DA-A7D5-8D0D79470FF1}
	EndGlobalSection
EndGlobal
