<?xml version="1.0" encoding="utf-8"?>
<Project ToolsVersion="4.0" xmlns="http://schemas.microsoft.com/developer/msbuild/2003">
  <ItemGroup>
    <Filter Include="Source Files">
      <UniqueIdentifier>{4FC737F1-C7A5-4376-A066-2A32D752A2FF}</UniqueIdentifier>
      <Extensions>cpp;c;cc;cxx;c++;cppm;ixx;def;odl;idl;hpj;bat;asm;asmx</Extensions>
    </Filter>
    <Filter Include="Header Files">
      <UniqueIdentifier>{93995380-89BD-4b04-88EB-625FBE52EBFB}</UniqueIdentifier>
      <Extensions>h;hh;hpp;hxx;h++;hm;inl;inc;ipp;xsd</Extensions>
    </Filter>
    <Filter Include="Resource Files">
      <UniqueIdentifier>{67DA6AB6-F800-4c08-8B7A-83BB121AAD01}</UniqueIdentifier>
      <Extensions>rc;ico;cur;bmp;dlg;rc2;rct;bin;rgs;gif;jpg;jpeg;jpe;resx;tiff;tif;png;wav;mfcribbon-ms</Extensions>
    </Filter>
  </ItemGroup>
  <ItemGroup>
    <ClCompile Include="addoneSnapShot.c">
      <Filter>Source Files</Filter>
    </ClCompile>
    <ClCompile Include="loadSnapFromFile.c">
      <Filter>Source Files</Filter>
    </ClCompile>
    <ClCompile Include="UserResponse.c">
      <Filter>Source Files</Filter>
    </ClCompile>
    <ClCompile Include="MemoryFunction.c">
      <Filter>Source Files</Filter>
    </ClCompile>
    <ClCompile Include="readAndSaveFile.c">
      <Filter>Source Files</Filter>
    </ClCompile>
    <ClCompile Include="reset.c">
      <Filter>Source Files</Filter>
    </ClCompile>
    <ClCompile Include="sortProcess.c">
      <Filter>Source Files</Filter>
    </ClCompile>
    <ClCompile Include="uploadSnapToFile.c">
      <Filter>Source Files</Filter>
    </ClCompile>
    <ClCompile Include="20SnapShot.c">
      <Filter>Source Files</Filter>
    </ClCompile>
    <ClCompile Include="GetProcess.c">
      <Filter>Source Files</Filter>
    </ClCompile>
    <ClCompile Include="addDictionary.c">
      <Filter>Source Files</Filter>
    </ClCompile>
    <ClCompile Include="addDLL.c">
      <Filter>Source Files</Filter>
    </ClCompile>
    <ClCompile Include="addProcess.c">
      <Filter>Source Files</Filter>
    </ClCompile>
    <ClCompile Include="checkDLL.c">
      <Filter>Source Files</Filter>
    </ClCompile>
    <ClCompile Include="deleteDictionary.c">
      <Filter>Source Files</Filter>
    </ClCompile>
    <ClCompile Include="dictionaryForHTML.c">
      <Filter>Source Files</Filter>
    </ClCompile>
    <ClCompile Include="dictionary.c">
      <Filter>Source Files</Filter>
    </ClCompile>
    <ClCompile Include="headers.c">
      <Filter>Source Files</Filter>
    </ClCompile>
    <ClCompile Include="homePage.c">
      <Filter>Source Files</Filter>
    </ClCompile>
    <ClCompile Include="log.c">
      <Filter>Source Files</Filter>
    </ClCompile>
  </ItemGroup>
  <ItemGroup>
    <None Include="index.css" />
    <None Include="index.html" />
    <None Include="index2.css" />
    <None Include="index2.html" />
    <None Include="index3.css" />
    <None Include="index3.html" />
    <None Include="aboutMe.css" />
    <None Include="aboutMe.html" />
  </ItemGroup>
  <ItemGroup>
    <ClInclude Include="oneSnapShot.h">
      <Filter>Header Files</Filter>
    </ClInclude>
    <ClInclude Include="MemoryFunction.h">
      <Filter>Header Files</Filter>
    </ClInclude>
    <ClInclude Include="resetCollectionsFile.h">
      <Filter>Header Files</Filter>
    </ClInclude>
    <ClInclude Include="SnapShotList.h">
      <Filter>Header Files</Filter>
    </ClInclude>
    <ClInclude Include="structHeaderFunction.h">
      <Filter>Header Files</Filter>
    </ClInclude>
    <ClInclude Include="typesFilesHeader.h">
      <Filter>Header Files</Filter>
    </ClInclude>
    <ClInclude Include="Structs.h">
      <Filter>Header Files</Filter>
    </ClInclude>
    <ClInclude Include="GetProcess.h">
      <Filter>Header Files</Filter>
    </ClInclude>
    <ClInclude Include="dictionaryFunctions.h">
      <Filter>Header Files</Filter>
    </ClInclude>
    <ClInclude Include="displayFunction.h">
      <Filter>Header Files</Filter>
    </ClInclude>
    <ClInclude Include="fileFunction.h">
      <Filter>Header Files</Filter>
    </ClInclude>
    <ClInclude Include="homePageDLL.h">
      <Filter>Header Files</Filter>
    </ClInclude>
    <ClInclude Include="homePageHTML.h">
      <Filter>Header Files</Filter>
    </ClInclude>
    <ClInclude Include="log.h">
      <Filter>Header Files</Filter>
    </ClInclude>
  </ItemGroup>
  <ItemGroup>
    <Image Include="pic1.jpg">
      <Filter>Resource Files</Filter>
    </Image>
  </ItemGroup>
</Project>